
Microsoft Visual Studio Solution File, Format Version 12.00
# Visual Studio Version 16
VisualStudioVersion = 16.0.30804.86
MinimumVisualStudioVersion = 10.0.40219.1
Project("{FAE04EC0-301F-11D3-BF4B-00C04F79EFBC}") = "MuteAllQuestUsers", "MuteAllQuestUsers.csproj", "{69449C79-69FD-4CED-B89F-2BE16010A326}"
EndProject
Global
	GlobalSection(SolutionConfigurationPlatforms) = preSolution
		Debug|Any CPU = Debug|Any CPU
		Release|Any CPU = Release|Any CPU
	EndGlobalSection
	GlobalSection(ProjectConfigurationPlatforms) = postSolution
		{69449C79-69FD-4CED-B89F-2BE16010A326}.Debug|Any CPU.ActiveCfg = Debug|Any CPU
		{69449C79-69FD-4CED-B89F-2BE16010A326}.Debug|Any CPU.Build.0 = Debug|Any CPU
		{69449C79-69FD-4CED-B89F-2BE16010A326}.Release|Any CPU.ActiveCfg = Release|Any CPU
		{69449C79-69FD-4CED-B89F-2BE16010A326}.Release|Any CPU.Build.0 = Release|Any CPU
	EndGlobalSection
	GlobalSection(SolutionProperties) = preSolution
		HideSolutionNode = FALSE
	EndGlobalSection
	GlobalSection(ExtensibilityGlobals) = postSolution
		SolutionGuid = {A653838A-6A6F-47E1-86AA-6085D054138D}
	EndGlobalSection
EndGlobal
